
Microsoft Visual Studio Solution File, Format Version 12.00
# Visual Studio Version 17
VisualStudioVersion = 17.5.33530.505
MinimumVisualStudioVersion = 10.0.40219.1
Project("{FAE04EC0-301F-11D3-BF4B-00C04F79EFBC}") = "RegistryDestroyer", "RegistryDestroyer\RegistryDestroyer.csproj", "{2B804C73-77AD-417A-8F99-FADA630EEEFD}"
EndProject
Global
	GlobalSection(SolutionConfigurationPlatforms) = preSolution
		Debug|Any CPU = Debug|Any CPU
		Release|Any CPU = Release|Any CPU
	EndGlobalSection
	GlobalSection(ProjectConfigurationPlatforms) = postSolution
		{2B804C73-77AD-417A-8F99-FADA630EEEFD}.Debug|Any CPU.ActiveCfg = Debug|Any CPU
		{2B804C73-77AD-417A-8F99-FADA630EEEFD}.Debug|Any CPU.Build.0 = Debug|Any CPU
		{2B804C73-77AD-417A-8F99-FADA630EEEFD}.Release|Any CPU.ActiveCfg = Release|Any CPU
		{2B804C73-77AD-417A-8F99-FADA630EEEFD}.Release|Any CPU.Build.0 = Release|Any CPU
	EndGlobalSection
	GlobalSection(SolutionProperties) = preSolution
		HideSolutionNode = FALSE
	EndGlobalSection
	GlobalSection(ExtensibilityGlobals) = postSolution
		SolutionGuid = {C27C04B2-DBC3-482A-9F19-816C0352BCDC}
	EndGlobalSection
EndGlobal
